
Microsoft Visual Studio Solution File, Format Version 12.00
# Visual Studio Version 17
VisualStudioVersion = 17.8.34330.188
MinimumVisualStudioVersion = 10.0.40219.1
Project("{FAE04EC0-301F-11D3-BF4B-00C04F79EFBC}") = "WebLab", "WebLab\WebLab.csproj", "{5B2F8E4F-FE32-4451-8680-E673765BFF98}"
EndProject
Global
	GlobalSection(SolutionConfigurationPlatforms) = preSolution
		Debug|Any CPU = Debug|Any CPU
		Release|Any CPU = Release|Any CPU
	EndGlobalSection
	GlobalSection(ProjectConfigurationPlatforms) = postSolution
		{5B2F8E4F-FE32-4451-8680-E673765BFF98}.Debug|Any CPU.ActiveCfg = Debug|Any CPU
		{5B2F8E4F-FE32-4451-8680-E673765BFF98}.Debug|Any CPU.Build.0 = Debug|Any CPU
		{5B2F8E4F-FE32-4451-8680-E673765BFF98}.Release|Any CPU.ActiveCfg = Release|Any CPU
		{5B2F8E4F-FE32-4451-8680-E673765BFF98}.Release|Any CPU.Build.0 = Release|Any CPU
	EndGlobalSection
	GlobalSection(SolutionProperties) = preSolution
		HideSolutionNode = FALSE
	EndGlobalSection
	GlobalSection(ExtensibilityGlobals) = postSolution
		SolutionGuid = {4830CBE0-FBB0-414D-B1C6-098C2BEA19FC}
	EndGlobalSection
EndGlobal
